# THIS IS AN AUTOGENERATED FILE. DO NOT EDIT THIS FILE DIRECTLY.
# yarn lockfile v1


gridjs@^6.2.0:
  version "6.2.0"
  resolved "https://registry.yarnpkg.com/gridjs/-/gridjs-6.2.0.tgz#c04008d43e8426298a04ef8637cde1e787138514"
  integrity sha512-EAGGfHjyEXWh12Txs6DjTGnWTo226wbowtMrLI+yNZQaJpvs0m7yDcyM7r+D4RA7rZQVj/cfmwEaRz/rlxg8LA==
  dependencies:
    preact "^10.11.3"

preact@^10.11.3:
  version "10.23.2"
  resolved "https://registry.yarnpkg.com/preact/-/preact-10.23.2.tgz#52deec92796ae0f0cc6b034d9c66e0fbc1b837dc"
  integrity sha512-kKYfePf9rzKnxOAKDpsWhg/ysrHPqT+yQ7UW4JjdnqjFIeNUnNcEJvhuA8fDenxAGWzUqtd51DfVg7xp/8T9NA==
